
Microsoft Visual Studio Solution File, Format Version 12.00
# Visual Studio 2013
VisualStudioVersion = 12.0.21005.1
MinimumVisualStudioVersion = 10.0.40219.1
Project("{FAE04EC0-301F-11D3-BF4B-00C04F79EFBC}") = "CSM.Core", "CSM.Core\CSM.Core.csproj", "{C8877337-D2F5-4E59-9F71-C773EB69B637}"
EndProject
Project("{FAE04EC0-301F-11D3-BF4B-00C04F79EFBC}") = "CSM.GUI", "CSM.GUI\CSM.GUI.csproj", "{6E4C4574-F044-4239-BDB9-D36D4671C9E4}"
EndProject
Project("{FAE04EC0-301F-11D3-BF4B-00C04F79EFBC}") = "CSM.Utilities", "CSM.Utilities\CSM.Utilities.csproj", "{DB937685-AEB0-4BFC-8F43-E999C85D6B27}"
EndProject
Project("{FAE04EC0-301F-11D3-BF4B-00C04F79EFBC}") = "Test", "Test\Test.csproj", "{CF8BF706-DA3E-4EF4-98F3-9283DA5E7742}"
EndProject
Project("{2150E333-8FDC-42A3-9474-1A3956D46DE8}") = "GUI", "GUI", "{40E2B4B3-A70D-49E1-B9C7-7ACD594F2ED4}"
EndProject
Project("{FAE04EC0-301F-11D3-BF4B-00C04F79EFBC}") = "CSM.GUI.Ressources", "CSM.GUI.Ressources\CSM.GUI.Ressources.csproj", "{98221D83-9395-48F5-9E3D-F628E44A4DE1}"
EndProject
Project("{FAE04EC0-301F-11D3-BF4B-00C04F79EFBC}") = "ConsoleTest", "ConsoleTest\ConsoleTest.csproj", "{7668CB4A-F101-452C-9F94-B3777340346E}"
EndProject
Project("{2150E333-8FDC-42A3-9474-1A3956D46DE8}") = "Tests", "Tests", "{5EAA29F2-D33F-4ADF-80D5-BCF2309EA9CC}"
EndProject
Global
	GlobalSection(SolutionConfigurationPlatforms) = preSolution
		Debug|Any CPU = Debug|Any CPU
		Release|Any CPU = Release|Any CPU
	EndGlobalSection
	GlobalSection(ProjectConfigurationPlatforms) = postSolution
		{C8877337-D2F5-4E59-9F71-C773EB69B637}.Debug|Any CPU.ActiveCfg = Debug|Any CPU
		{C8877337-D2F5-4E59-9F71-C773EB69B637}.Debug|Any CPU.Build.0 = Debug|Any CPU
		{C8877337-D2F5-4E59-9F71-C773EB69B637}.Release|Any CPU.ActiveCfg = Release|Any CPU
		{C8877337-D2F5-4E59-9F71-C773EB69B637}.Release|Any CPU.Build.0 = Release|Any CPU
		{6E4C4574-F044-4239-BDB9-D36D4671C9E4}.Debug|Any CPU.ActiveCfg = Debug|Any CPU
		{6E4C4574-F044-4239-BDB9-D36D4671C9E4}.Debug|Any CPU.Build.0 = Debug|Any CPU
		{6E4C4574-F044-4239-BDB9-D36D4671C9E4}.Release|Any CPU.ActiveCfg = Release|Any CPU
		{6E4C4574-F044-4239-BDB9-D36D4671C9E4}.Release|Any CPU.Build.0 = Release|Any CPU
		{DB937685-AEB0-4BFC-8F43-E999C85D6B27}.Debug|Any CPU.ActiveCfg = Debug|Any CPU
		{DB937685-AEB0-4BFC-8F43-E999C85D6B27}.Debug|Any CPU.Build.0 = Debug|Any CPU
		{DB937685-AEB0-4BFC-8F43-E999C85D6B27}.Release|Any CPU.ActiveCfg = Release|Any CPU
		{DB937685-AEB0-4BFC-8F43-E999C85D6B27}.Release|Any CPU.Build.0 = Release|Any CPU
		{CF8BF706-DA3E-4EF4-98F3-9283DA5E7742}.Debug|Any CPU.ActiveCfg = Debug|Any CPU
		{CF8BF706-DA3E-4EF4-98F3-9283DA5E7742}.Debug|Any CPU.Build.0 = Debug|Any CPU
		{CF8BF706-DA3E-4EF4-98F3-9283DA5E7742}.Release|Any CPU.ActiveCfg = Release|Any CPU
		{CF8BF706-DA3E-4EF4-98F3-9283DA5E7742}.Release|Any CPU.Build.0 = Release|Any CPU
		{98221D83-9395-48F5-9E3D-F628E44A4DE1}.Debug|Any CPU.ActiveCfg = Debug|Any CPU
		{98221D83-9395-48F5-9E3D-F628E44A4DE1}.Debug|Any CPU.Build.0 = Debug|Any CPU
		{98221D83-9395-48F5-9E3D-F628E44A4DE1}.Release|Any CPU.ActiveCfg = Release|Any CPU
		{98221D83-9395-48F5-9E3D-F628E44A4DE1}.Release|Any CPU.Build.0 = Release|Any CPU
		{7668CB4A-F101-452C-9F94-B3777340346E}.Debug|Any CPU.ActiveCfg = Debug|Any CPU
		{7668CB4A-F101-452C-9F94-B3777340346E}.Debug|Any CPU.Build.0 = Debug|Any CPU
		{7668CB4A-F101-452C-9F94-B3777340346E}.Release|Any CPU.ActiveCfg = Release|Any CPU
		{7668CB4A-F101-452C-9F94-B3777340346E}.Release|Any CPU.Build.0 = Release|Any CPU
	EndGlobalSection
	GlobalSection(SolutionProperties) = preSolution
		HideSolutionNode = FALSE
	EndGlobalSection
	GlobalSection(NestedProjects) = preSolution
		{6E4C4574-F044-4239-BDB9-D36D4671C9E4} = {40E2B4B3-A70D-49E1-B9C7-7ACD594F2ED4}
		{98221D83-9395-48F5-9E3D-F628E44A4DE1} = {40E2B4B3-A70D-49E1-B9C7-7ACD594F2ED4}
		{7668CB4A-F101-452C-9F94-B3777340346E} = {5EAA29F2-D33F-4ADF-80D5-BCF2309EA9CC}
		{CF8BF706-DA3E-4EF4-98F3-9283DA5E7742} = {5EAA29F2-D33F-4ADF-80D5-BCF2309EA9CC}
	EndGlobalSection
EndGlobal
